<?xml version="1.0" encoding="utf-8"?>
<Project ToolsVersion="4.0" xmlns="http://schemas.microsoft.com/developer/msbuild/2003">
  <ItemGroup>
    <Filter Include="源文件">
      <UniqueIdentifier>{4FC737F1-C7A5-4376-A066-2A32D752A2FF}</UniqueIdentifier>
      <Extensions>cpp;c;cc;cxx;c++;cppm;ixx;def;odl;idl;hpj;bat;asm;asmx</Extensions>
    </Filter>
    <Filter Include="头文件">
      <UniqueIdentifier>{93995380-89BD-4b04-88EB-625FBE52EBFB}</UniqueIdentifier>
      <Extensions>h;hh;hpp;hxx;h++;hm;inl;inc;ipp;xsd</Extensions>
    </Filter>
    <Filter Include="资源文件">
      <UniqueIdentifier>{67DA6AB6-F800-4c08-8B7A-83BB121AAD01}</UniqueIdentifier>
      <Extensions>rc;ico;cur;bmp;dlg;rc2;rct;bin;rgs;gif;jpg;jpeg;jpe;resx;tiff;tif;png;wav;mfcribbon-ms</Extensions>
    </Filter>
  </ItemGroup>
  <ItemGroup>
    <ClCompile Include="main.cpp">
      <Filter>源文件</Filter>
    </ClCompile>
    <ClCompile Include="functionLayer\GameObject.cpp">
      <Filter>源文件</Filter>
    </ClCompile>
    <ClCompile Include="functionLayer\Component.cpp">
      <Filter>源文件</Filter>
    </ClCompile>
    <ClCompile Include="functionLayer\MeshComponent.cpp">
      <Filter>源文件</Filter>
    </ClCompile>
    <ClCompile Include="ResourceLayer\shader.cpp">
      <Filter>源文件</Filter>
    </ClCompile>
    <ClCompile Include="ResourceLayer\mesh.cpp">
      <Filter>源文件</Filter>
    </ClCompile>
    <ClCompile Include="ResourceLayer\model.cpp">
      <Filter>源文件</Filter>
    </ClCompile>
    <ClCompile Include="functionLayer\Init.cpp">
      <Filter>源文件</Filter>
    </ClCompile>
    <ClCompile Include="functionLayer\Camera.cpp">
      <Filter>源文件</Filter>
    </ClCompile>
    <ClCompile Include="functionLayer\Light.cpp">
      <Filter>源文件</Filter>
    </ClCompile>
    <ClCompile Include="ResourceLayer\SingleTexture.cpp">
      <Filter>源文件</Filter>
    </ClCompile>
    <ClCompile Include="functionLayer\items.cpp">
      <Filter>源文件</Filter>
    </ClCompile>
  </ItemGroup>
  <ItemGroup>
    <ClInclude Include="functionLayer\Component.h">
      <Filter>头文件</Filter>
    </ClInclude>
    <ClInclude Include="functionLayer\GameObject.h">
      <Filter>头文件</Filter>
    </ClInclude>
    <ClInclude Include="functionLayer\MeshComponent.h">
      <Filter>头文件</Filter>
    </ClInclude>
    <ClInclude Include="ResourceLayer\shader.h">
      <Filter>头文件</Filter>
    </ClInclude>
    <ClInclude Include="ResourceLayer\mesh.h">
      <Filter>头文件</Filter>
    </ClInclude>
    <ClInclude Include="ResourceLayer\model.h">
      <Filter>头文件</Filter>
    </ClInclude>
    <ClInclude Include="functionLayer\Init.h">
      <Filter>头文件</Filter>
    </ClInclude>
    <ClInclude Include="ResourceLayer\ResourceLayer.h">
      <Filter>头文件</Filter>
    </ClInclude>
    <ClInclude Include="functionLayer\Camera.h">
      <Filter>头文件</Filter>
    </ClInclude>
    <ClInclude Include="functionLayer\Render.h">
      <Filter>头文件</Filter>
    </ClInclude>
    <ClInclude Include="functionLayer\FunctionLayer.h">
      <Filter>头文件</Filter>
    </ClInclude>
    <ClInclude Include="functionLayer\Light.h">
      <Filter>头文件</Filter>
    </ClInclude>
    <ClInclude Include="ResourceLayer\SingleTexture.h">
      <Filter>头文件</Filter>
    </ClInclude>
    <ClInclude Include="functionLayer\items.h">
      <Filter>头文件</Filter>
    </ClInclude>
  </ItemGroup>
  <ItemGroup>
    <None Include="shaderLib\BPFrag.frag" />
    <None Include="shaderLib\BPVertex.vert" />
    <None Include="shaderLib\PBRF.frag" />
    <None Include="shaderLib\PBRV.vert" />
    <None Include="shaderLib\samplePBR.vert" />
    <None Include="shaderLib\samplePBR.frag" />
    <None Include="shaderLib\box.vert" />
    <None Include="shaderLib\box.frag" />
    <None Include="shaderLib\triangle.vert" />
    <None Include="shaderLib\triangle.frag" />
  </ItemGroup>
</Project>